// !$*UTF8*$!
{
	archiveVersion = 1;
	classes = {
	};
	objectVersion = 55;
	objects = {

/* Begin PBXBuildFile section */
		588295272901D411003F1F90 /* DependencyInjectionApp.swift in Sources */ = {isa = PBXBuildFile; fileRef = 588295262901D411003F1F90 /* DependencyInjectionApp.swift */; };
		588295292901D411003F1F90 /* ContentView.swift in Sources */ = {isa = PBXBuildFile; fileRef = 588295282901D411003F1F90 /* ContentView.swift */; };
		5882952B2901D413003F1F90 /* Assets.xcassets in Resources */ = {isa = PBXBuildFile; fileRef = 5882952A2901D413003F1F90 /* Assets.xcassets */; };
		5882952E2901D413003F1F90 /* Preview Assets.xcassets in Resources */ = {isa = PBXBuildFile; fileRef = 5882952D2901D413003F1F90 /* Preview Assets.xcassets */; };
		588295512901D4A2003F1F90 /* data.json in Resources */ = {isa = PBXBuildFile; fileRef = 588295502901D4A2003F1F90 /* data.json */; };
		588295532901D51B003F1F90 /* WeatherRawData.swift in Sources */ = {isa = PBXBuildFile; fileRef = 588295522901D51B003F1F90 /* WeatherRawData.swift */; };
		588295552901D578003F1F90 /* FileLoader.swift in Sources */ = {isa = PBXBuildFile; fileRef = 588295542901D578003F1F90 /* FileLoader.swift */; };
		588295572901D6B3003F1F90 /* WeatherModel.swift in Sources */ = {isa = PBXBuildFile; fileRef = 588295562901D6B3003F1F90 /* WeatherModel.swift */; };
		588295592901D6EC003F1F90 /* WeatherViewModel.swift in Sources */ = {isa = PBXBuildFile; fileRef = 588295582901D6EC003F1F90 /* WeatherViewModel.swift */; };
		5882955B2901D98F003F1F90 /* WeatherService.swift in Sources */ = {isa = PBXBuildFile; fileRef = 5882955A2901D98F003F1F90 /* WeatherService.swift */; };
		588295672901F761003F1F90 /* WeatherFetching.swift in Sources */ = {isa = PBXBuildFile; fileRef = 588295662901F761003F1F90 /* WeatherFetching.swift */; };
		588295692901FAC3003F1F90 /* MockWeatherService.swift in Sources */ = {isa = PBXBuildFile; fileRef = 588295682901FAC3003F1F90 /* MockWeatherService.swift */; };
		5882956B2901FB35003F1F90 /* WeatherViewModelTests.swift in Sources */ = {isa = PBXBuildFile; fileRef = 5882956A2901FB35003F1F90 /* WeatherViewModelTests.swift */; };
/* End PBXBuildFile section */

/* Begin PBXContainerItemProxy section */
		588295342901D413003F1F90 /* PBXContainerItemProxy */ = {
			isa = PBXContainerItemProxy;
			containerPortal = 5882951B2901D411003F1F90 /* Project object */;
			proxyType = 1;
			remoteGlobalIDString = 588295222901D411003F1F90;
			remoteInfo = DependencyInjection;
		};
/* End PBXContainerItemProxy section */

/* Begin PBXFileReference section */
		588295232901D411003F1F90 /* DependencyInjection.app */ = {isa = PBXFileReference; explicitFileType = wrapper.application; includeInIndex = 0; path = DependencyInjection.app; sourceTree = BUILT_PRODUCTS_DIR; };
		588295262901D411003F1F90 /* DependencyInjectionApp.swift */ = {isa = PBXFileReference; lastKnownFileType = sourcecode.swift; path = DependencyInjectionApp.swift; sourceTree = "<group>"; };
		588295282901D411003F1F90 /* ContentView.swift */ = {isa = PBXFileReference; lastKnownFileType = sourcecode.swift; path = ContentView.swift; sourceTree = "<group>"; };
		5882952A2901D413003F1F90 /* Assets.xcassets */ = {isa = PBXFileReference; lastKnownFileType = folder.assetcatalog; path = Assets.xcassets; sourceTree = "<group>"; };
		5882952D2901D413003F1F90 /* Preview Assets.xcassets */ = {isa = PBXFileReference; lastKnownFileType = folder.assetcatalog; path = "Preview Assets.xcassets"; sourceTree = "<group>"; };
		588295332901D413003F1F90 /* DependencyInjectionTests.xctest */ = {isa = PBXFileReference; explicitFileType = wrapper.cfbundle; includeInIndex = 0; path = DependencyInjectionTests.xctest; sourceTree = BUILT_PRODUCTS_DIR; };
		588295502901D4A2003F1F90 /* data.json */ = {isa = PBXFileReference; lastKnownFileType = text.json; path = data.json; sourceTree = "<group>"; };
		588295522901D51B003F1F90 /* WeatherRawData.swift */ = {isa = PBXFileReference; lastKnownFileType = sourcecode.swift; path = WeatherRawData.swift; sourceTree = "<group>"; };
		588295542901D578003F1F90 /* FileLoader.swift */ = {isa = PBXFileReference; lastKnownFileType = sourcecode.swift; path = FileLoader.swift; sourceTree = "<group>"; };
		588295562901D6B3003F1F90 /* WeatherModel.swift */ = {isa = PBXFileReference; lastKnownFileType = sourcecode.swift; path = WeatherModel.swift; sourceTree = "<group>"; };
		588295582901D6EC003F1F90 /* WeatherViewModel.swift */ = {isa = PBXFileReference; lastKnownFileType = sourcecode.swift; path = WeatherViewModel.swift; sourceTree = "<group>"; };
		5882955A2901D98F003F1F90 /* WeatherService.swift */ = {isa = PBXFileReference; lastKnownFileType = sourcecode.swift; path = WeatherService.swift; sourceTree = "<group>"; };
		588295642901DEC5003F1F90 /* Info.plist */ = {isa = PBXFileReference; lastKnownFileType = text.plist; path = Info.plist; sourceTree = "<group>"; };
		588295662901F761003F1F90 /* WeatherFetching.swift */ = {isa = PBXFileReference; lastKnownFileType = sourcecode.swift; path = WeatherFetching.swift; sourceTree = "<group>"; };
		588295682901FAC3003F1F90 /* MockWeatherService.swift */ = {isa = PBXFileReference; lastKnownFileType = sourcecode.swift; path = MockWeatherService.swift; sourceTree = "<group>"; };
		5882956A2901FB35003F1F90 /* WeatherViewModelTests.swift */ = {isa = PBXFileReference; lastKnownFileType = sourcecode.swift; path = WeatherViewModelTests.swift; sourceTree = "<group>"; };
/* End PBXFileReference section */

/* Begin PBXFrameworksBuildPhase section */
		588295202901D411003F1F90 /* Frameworks */ = {
			isa = PBXFrameworksBuildPhase;
			buildActionMask = 2147483647;
			files = (
			);
			runOnlyForDeploymentPostprocessing = 0;
		};
		588295302901D413003F1F90 /* Frameworks */ = {
			isa = PBXFrameworksBuildPhase;
			buildActionMask = 2147483647;
			files = (
			);
			runOnlyForDeploymentPostprocessing = 0;
		};
/* End PBXFrameworksBuildPhase section */

/* Begin PBXGroup section */
		5882951A2901D411003F1F90 = {
			isa = PBXGroup;
			children = (
				588295252901D411003F1F90 /* DependencyInjection */,
				588295362901D413003F1F90 /* DependencyInjectionTests */,
				588295242901D411003F1F90 /* Products */,
			);
			sourceTree = "<group>";
		};
		588295242901D411003F1F90 /* Products */ = {
			isa = PBXGroup;
			children = (
				588295232901D411003F1F90 /* DependencyInjection.app */,
				588295332901D413003F1F90 /* DependencyInjectionTests.xctest */,
			);
			name = Products;
			sourceTree = "<group>";
		};
		588295252901D411003F1F90 /* DependencyInjection */ = {
			isa = PBXGroup;
			children = (
				588295642901DEC5003F1F90 /* Info.plist */,
				588295612901DD83003F1F90 /* Domain */,
				588295602901DD5E003F1F90 /* Presentation */,
				5882955F2901DD19003F1F90 /* Data */,
				5882955D2901DCE3003F1F90 /* Application */,
			);
			path = DependencyInjection;
			sourceTree = "<group>";
		};
		5882952C2901D413003F1F90 /* Preview Content */ = {
			isa = PBXGroup;
			children = (
				5882952D2901D413003F1F90 /* Preview Assets.xcassets */,
			);
			path = "Preview Content";
			sourceTree = "<group>";
		};
		588295362901D413003F1F90 /* DependencyInjectionTests */ = {
			isa = PBXGroup;
			children = (
				588295682901FAC3003F1F90 /* MockWeatherService.swift */,
				5882956A2901FB35003F1F90 /* WeatherViewModelTests.swift */,
			);
			path = DependencyInjectionTests;
			sourceTree = "<group>";
		};
		5882955C2901DCD5003F1F90 /* ViewModel */ = {
			isa = PBXGroup;
			children = (
				588295562901D6B3003F1F90 /* WeatherModel.swift */,
				588295582901D6EC003F1F90 /* WeatherViewModel.swift */,
			);
			path = ViewModel;
			sourceTree = "<group>";
		};
		5882955D2901DCE3003F1F90 /* Application */ = {
			isa = PBXGroup;
			children = (
				588295262901D411003F1F90 /* DependencyInjectionApp.swift */,
				5882952A2901D413003F1F90 /* Assets.xcassets */,
				5882952C2901D413003F1F90 /* Preview Content */,
				588295502901D4A2003F1F90 /* data.json */,
			);
			path = Application;
			sourceTree = "<group>";
		};
		5882955E2901DD0D003F1F90 /* View */ = {
			isa = PBXGroup;
			children = (
				588295282901D411003F1F90 /* ContentView.swift */,
			);
			path = View;
			sourceTree = "<group>";
		};
		5882955F2901DD19003F1F90 /* Data */ = {
			isa = PBXGroup;
			children = (
				588295542901D578003F1F90 /* FileLoader.swift */,
				5882955A2901D98F003F1F90 /* WeatherService.swift */,
			);
			path = Data;
			sourceTree = "<group>";
		};
		588295602901DD5E003F1F90 /* Presentation */ = {
			isa = PBXGroup;
			children = (
				5882955E2901DD0D003F1F90 /* View */,
				5882955C2901DCD5003F1F90 /* ViewModel */,
			);
			path = Presentation;
			sourceTree = "<group>";
		};
		588295612901DD83003F1F90 /* Domain */ = {
			isa = PBXGroup;
			children = (
				588295652901F754003F1F90 /* Interface */,
				588295632901DDB0003F1F90 /* Entity */,
			);
			path = Domain;
			sourceTree = "<group>";
		};
		588295632901DDB0003F1F90 /* Entity */ = {
			isa = PBXGroup;
			children = (
				588295522901D51B003F1F90 /* WeatherRawData.swift */,
			);
			path = Entity;
			sourceTree = "<group>";
		};
		588295652901F754003F1F90 /* Interface */ = {
			isa = PBXGroup;
			children = (
				588295662901F761003F1F90 /* WeatherFetching.swift */,
			);
			path = Interface;
			sourceTree = "<group>";
		};
/* End PBXGroup section */

/* Begin PBXNativeTarget section */
		588295222901D411003F1F90 /* DependencyInjection */ = {
			isa = PBXNativeTarget;
			buildConfigurationList = 588295472901D413003F1F90 /* Build configuration list for PBXNativeTarget "DependencyInjection" */;
			buildPhases = (
				5882951F2901D411003F1F90 /* Sources */,
				588295202901D411003F1F90 /* Frameworks */,
				588295212901D411003F1F90 /* Resources */,
			);
			buildRules = (
			);
			dependencies = (
			);
			name = DependencyInjection;
			productName = DependencyInjection;
			productReference = 588295232901D411003F1F90 /* DependencyInjection.app */;
			productType = "com.apple.product-type.application";
		};
		588295322901D413003F1F90 /* DependencyInjectionTests */ = {
			isa = PBXNativeTarget;
			buildConfigurationList = 5882954A2901D413003F1F90 /* Build configuration list for PBXNativeTarget "DependencyInjectionTests" */;
			buildPhases = (
				5882952F2901D413003F1F90 /* Sources */,
				588295302901D413003F1F90 /* Frameworks */,
				588295312901D413003F1F90 /* Resources */,
			);
			buildRules = (
			);
			dependencies = (
				588295352901D413003F1F90 /* PBXTargetDependency */,
			);
			name = DependencyInjectionTests;
			productName = DependencyInjectionTests;
			productReference = 588295332901D413003F1F90 /* DependencyInjectionTests.xctest */;
			productType = "com.apple.product-type.bundle.unit-test";
		};
/* End PBXNativeTarget section */

/* Begin PBXProject section */
		5882951B2901D411003F1F90 /* Project object */ = {
			isa = PBXProject;
			attributes = {
				BuildIndependentTargetsInParallel = 1;
				LastSwiftUpdateCheck = 1340;
				LastUpgradeCheck = 1340;
				TargetAttributes = {
					588295222901D411003F1F90 = {
						CreatedOnToolsVersion = 13.4.1;
					};
					588295322901D413003F1F90 = {
						CreatedOnToolsVersion = 13.4.1;
						LastSwiftMigration = 1340;
						TestTargetID = 588295222901D411003F1F90;
					};
				};
			};
			buildConfigurationList = 5882951E2901D411003F1F90 /* Build configuration list for PBXProject "DependencyInjection" */;
			compatibilityVersion = "Xcode 13.0";
			developmentRegion = en;
			hasScannedForEncodings = 0;
			knownRegions = (
				en,
				Base,
			);
			mainGroup = 5882951A2901D411003F1F90;
			productRefGroup = 588295242901D411003F1F90 /* Products */;
			projectDirPath = "";
			projectRoot = "";
			targets = (
				588295222901D411003F1F90 /* DependencyInjection */,
				588295322901D413003F1F90 /* DependencyInjectionTests */,
			);
		};
/* End PBXProject section */

/* Begin PBXResourcesBuildPhase section */
		588295212901D411003F1F90 /* Resources */ = {
			isa = PBXResourcesBuildPhase;
			buildActionMask = 2147483647;
			files = (
				5882952E2901D413003F1F90 /* Preview Assets.xcassets in Resources */,
				588295512901D4A2003F1F90 /* data.json in Resources */,
				5882952B2901D413003F1F90 /* Assets.xcassets in Resources */,
			);
			runOnlyForDeploymentPostprocessing = 0;
		};
		588295312901D413003F1F90 /* Resources */ = {
			isa = PBXResourcesBuildPhase;
			buildActionMask = 2147483647;
			files = (
			);
			runOnlyForDeploymentPostprocessing = 0;
		};
/* End PBXResourcesBuildPhase section */

/* Begin PBXSourcesBuildPhase section */
		5882951F2901D411003F1F90 /* Sources */ = {
			isa = PBXSourcesBuildPhase;
			buildActionMask = 2147483647;
			files = (
				588295672901F761003F1F90 /* WeatherFetching.swift in Sources */,
				588295292901D411003F1F90 /* ContentView.swift in Sources */,
				588295592901D6EC003F1F90 /* WeatherViewModel.swift in Sources */,
				588295532901D51B003F1F90 /* WeatherRawData.swift in Sources */,
				588295552901D578003F1F90 /* FileLoader.swift in Sources */,
				588295272901D411003F1F90 /* DependencyInjectionApp.swift in Sources */,
				588295572901D6B3003F1F90 /* WeatherModel.swift in Sources */,
				5882955B2901D98F003F1F90 /* WeatherService.swift in Sources */,
			);
			runOnlyForDeploymentPostprocessing = 0;
		};
		5882952F2901D413003F1F90 /* Sources */ = {
			isa = PBXSourcesBuildPhase;
			buildActionMask = 2147483647;
			files = (
				588295692901FAC3003F1F90 /* MockWeatherService.swift in Sources */,
				5882956B2901FB35003F1F90 /* WeatherViewModelTests.swift in Sources */,
			);
			runOnlyForDeploymentPostprocessing = 0;
		};
/* End PBXSourcesBuildPhase section */

/* Begin PBXTargetDependency section */
		588295352901D413003F1F90 /* PBXTargetDependency */ = {
			isa = PBXTargetDependency;
			target = 588295222901D411003F1F90 /* DependencyInjection */;
			targetProxy = 588295342901D413003F1F90 /* PBXContainerItemProxy */;
		};
/* End PBXTargetDependency section */

/* Begin XCBuildConfiguration section */
		588295452901D413003F1F90 /* Debug */ = {
			isa = XCBuildConfiguration;
			buildSettings = {
				ALWAYS_SEARCH_USER_PATHS = NO;
				CLANG_ANALYZER_NONNULL = YES;
				CLANG_ANALYZER_NUMBER_OBJECT_CONVERSION = YES_AGGRESSIVE;
				CLANG_CXX_LANGUAGE_STANDARD = "gnu++17";
				CLANG_ENABLE_MODULES = YES;
				CLANG_ENABLE_OBJC_ARC = YES;
				CLANG_ENABLE_OBJC_WEAK = YES;
				CLANG_WARN_BLOCK_CAPTURE_AUTORELEASING = YES;
				CLANG_WARN_BOOL_CONVERSION = YES;
				CLANG_WARN_COMMA = YES;
				CLANG_WARN_CONSTANT_CONVERSION = YES;
				CLANG_WARN_DEPRECATED_OBJC_IMPLEMENTATIONS = YES;
				CLANG_WARN_DIRECT_OBJC_ISA_USAGE = YES_ERROR;
				CLANG_WARN_DOCUMENTATION_COMMENTS = YES;
				CLANG_WARN_EMPTY_BODY = YES;
				CLANG_WARN_ENUM_CONVERSION = YES;
				CLANG_WARN_INFINITE_RECURSION = YES;
				CLANG_WARN_INT_CONVERSION = YES;
				CLANG_WARN_NON_LITERAL_NULL_CONVERSION = YES;
				CLANG_WARN_OBJC_IMPLICIT_RETAIN_SELF = YES;
				CLANG_WARN_OBJC_LITERAL_CONVERSION = YES;
				CLANG_WARN_OBJC_ROOT_CLASS = YES_ERROR;
				CLANG_WARN_QUOTED_INCLUDE_IN_FRAMEWORK_HEADER = YES;
				CLANG_WARN_RANGE_LOOP_ANALYSIS = YES;
				CLANG_WARN_STRICT_PROTOTYPES = YES;
				CLANG_WARN_SUSPICIOUS_MOVE = YES;
				CLANG_WARN_UNGUARDED_AVAILABILITY = YES_AGGRESSIVE;
				CLANG_WARN_UNREACHABLE_CODE = YES;
				CLANG_WARN__DUPLICATE_METHOD_MATCH = YES;
				COPY_PHASE_STRIP = NO;
				DEBUG_INFORMATION_FORMAT = dwarf;
				ENABLE_STRICT_OBJC_MSGSEND = YES;
				ENABLE_TESTABILITY = YES;
				GCC_C_LANGUAGE_STANDARD = gnu11;
				GCC_DYNAMIC_NO_PIC = NO;
				GCC_NO_COMMON_BLOCKS = YES;
				GCC_OPTIMIZATION_LEVEL = 0;
				GCC_PREPROCESSOR_DEFINITIONS = (
					"DEBUG=1",
					"$(inherited)",
				);
				GCC_WARN_64_TO_32_BIT_CONVERSION = YES;
				GCC_WARN_ABOUT_RETURN_TYPE = YES_ERROR;
				GCC_WARN_UNDECLARED_SELECTOR = YES;
				GCC_WARN_UNINITIALIZED_AUTOS = YES_AGGRESSIVE;
				GCC_WARN_UNUSED_FUNCTION = YES;
				GCC_WARN_UNUSED_VARIABLE = YES;
				IPHONEOS_DEPLOYMENT_TARGET = 15.0;
				MTL_ENABLE_DEBUG_INFO = INCLUDE_SOURCE;
				MTL_FAST_MATH = YES;
				ONLY_ACTIVE_ARCH = YES;
				SDKROOT = iphoneos;
				SWIFT_ACTIVE_COMPILATION_CONDITIONS = DEBUG;
				SWIFT_OPTIMIZATION_LEVEL = "-Onone";
			};
			name = Debug;
		};
		588295462901D413003F1F90 /* Release */ = {
			isa = XCBuildConfiguration;
			buildSettings = {
				ALWAYS_SEARCH_USER_PATHS = NO;
				CLANG_ANALYZER_NONNULL = YES;
				CLANG_ANALYZER_NUMBER_OBJECT_CONVERSION = YES_AGGRESSIVE;
				CLANG_CXX_LANGUAGE_STANDARD = "gnu++17";
				CLANG_ENABLE_MODULES = YES;
				CLANG_ENABLE_OBJC_ARC = YES;
				CLANG_ENABLE_OBJC_WEAK = YES;
				CLANG_WARN_BLOCK_CAPTURE_AUTORELEASING = YES;
				CLANG_WARN_BOOL_CONVERSION = YES;
				CLANG_WARN_COMMA = YES;
				CLANG_WARN_CONSTANT_CONVERSION = YES;
				CLANG_WARN_DEPRECATED_OBJC_IMPLEMENTATIONS = YES;
				CLANG_WARN_DIRECT_OBJC_ISA_USAGE = YES_ERROR;
				CLANG_WARN_DOCUMENTATION_COMMENTS = YES;
				CLANG_WARN_EMPTY_BODY = YES;
				CLANG_WARN_ENUM_CONVERSION = YES;
				CLANG_WARN_INFINITE_RECURSION = YES;
				CLANG_WARN_INT_CONVERSION = YES;
				CLANG_WARN_NON_LITERAL_NULL_CONVERSION = YES;
				CLANG_WARN_OBJC_IMPLICIT_RETAIN_SELF = YES;
				CLANG_WARN_OBJC_LITERAL_CONVERSION = YES;
				CLANG_WARN_OBJC_ROOT_CLASS = YES_ERROR;
				CLANG_WARN_QUOTED_INCLUDE_IN_FRAMEWORK_HEADER = YES;
				CLANG_WARN_RANGE_LOOP_ANALYSIS = YES;
				CLANG_WARN_STRICT_PROTOTYPES = YES;
				CLANG_WARN_SUSPICIOUS_MOVE = YES;
				CLANG_WARN_UNGUARDED_AVAILABILITY = YES_AGGRESSIVE;
				CLANG_WARN_UNREACHABLE_CODE = YES;
				CLANG_WARN__DUPLICATE_METHOD_MATCH = YES;
				COPY_PHASE_STRIP = NO;
				DEBUG_INFORMATION_FORMAT = "dwarf-with-dsym";
				ENABLE_NS_ASSERTIONS = NO;
				ENABLE_STRICT_OBJC_MSGSEND = YES;
				GCC_C_LANGUAGE_STANDARD = gnu11;
				GCC_NO_COMMON_BLOCKS = YES;
				GCC_WARN_64_TO_32_BIT_CONVERSION = YES;
				GCC_WARN_ABOUT_RETURN_TYPE = YES_ERROR;
				GCC_WARN_UNDECLARED_SELECTOR = YES;
				GCC_WARN_UNINITIALIZED_AUTOS = YES_AGGRESSIVE;
				GCC_WARN_UNUSED_FUNCTION = YES;
				GCC_WARN_UNUSED_VARIABLE = YES;
				IPHONEOS_DEPLOYMENT_TARGET = 15.0;
				MTL_ENABLE_DEBUG_INFO = NO;
				MTL_FAST_MATH = YES;
				SDKROOT = iphoneos;
				SWIFT_COMPILATION_MODE = wholemodule;
				SWIFT_OPTIMIZATION_LEVEL = "-O";
				VALIDATE_PRODUCT = YES;
			};
			name = Release;
		};
		588295482901D413003F1F90 /* Debug */ = {
			isa = XCBuildConfiguration;
			buildSettings = {
				APP_ID = APP_ID;
				ASSETCATALOG_COMPILER_APPICON_NAME = AppIcon;
				ASSETCATALOG_COMPILER_GLOBAL_ACCENT_COLOR_NAME = AccentColor;
				CODE_SIGN_STYLE = Automatic;
				CURRENT_PROJECT_VERSION = 1;
				DEVELOPMENT_ASSET_PATHS = "\"DependencyInjection/Application/Preview Content\"";
				DEVELOPMENT_TEAM = 9JSRL669P2;
				ENABLE_PREVIEWS = YES;
				GENERATE_INFOPLIST_FILE = YES;
				INFOPLIST_FILE = DependencyInjection/Info.plist;
				INFOPLIST_KEY_UIApplicationSceneManifest_Generation = YES;
				INFOPLIST_KEY_UIApplicationSupportsIndirectInputEvents = YES;
				INFOPLIST_KEY_UILaunchScreen_Generation = YES;
				INFOPLIST_KEY_UISupportedInterfaceOrientations_iPad = "UIInterfaceOrientationPortrait UIInterfaceOrientationPortraitUpsideDown UIInterfaceOrientationLandscapeLeft UIInterfaceOrientationLandscapeRight";
				INFOPLIST_KEY_UISupportedInterfaceOrientations_iPhone = "UIInterfaceOrientationPortrait UIInterfaceOrientationLandscapeLeft UIInterfaceOrientationLandscapeRight";
				LD_RUNPATH_SEARCH_PATHS = (
					"$(inherited)",
					"@executable_path/Frameworks",
				);
				MARKETING_VERSION = 1.0;
				PRODUCT_BUNDLE_IDENTIFIER = ata.studio.vn.DependencyInjection;
				PRODUCT_NAME = "$(TARGET_NAME)";
				SWIFT_EMIT_LOC_STRINGS = YES;
				SWIFT_VERSION = 5.0;
				TARGETED_DEVICE_FAMILY = "1,2";
			};
			name = Debug;
		};
		588295492901D413003F1F90 /* Release */ = {
			isa = XCBuildConfiguration;
			buildSettings = {
				APP_ID = APP_ID;
				ASSETCATALOG_COMPILER_APPICON_NAME = AppIcon;
				ASSETCATALOG_COMPILER_GLOBAL_ACCENT_COLOR_NAME = AccentColor;
				CODE_SIGN_STYLE = Automatic;
				CURRENT_PROJECT_VERSION = 1;
				DEVELOPMENT_ASSET_PATHS = "\"DependencyInjection/Application/Preview Content\"";
				DEVELOPMENT_TEAM = 9JSRL669P2;
				ENABLE_PREVIEWS = YES;
				GENERATE_INFOPLIST_FILE = YES;
				INFOPLIST_FILE = DependencyInjection/Info.plist;
				INFOPLIST_KEY_UIApplicationSceneManifest_Generation = YES;
				INFOPLIST_KEY_UIApplicationSupportsIndirectInputEvents = YES;
				INFOPLIST_KEY_UILaunchScreen_Generation = YES;
				INFOPLIST_KEY_UISupportedInterfaceOrientations_iPad = "UIInterfaceOrientationPortrait UIInterfaceOrientationPortraitUpsideDown UIInterfaceOrientationLandscapeLeft UIInterfaceOrientationLandscapeRight";
				INFOPLIST_KEY_UISupportedInterfaceOrientations_iPhone = "UIInterfaceOrientationPortrait UIInterfaceOrientationLandscapeLeft UIInterfaceOrientationLandscapeRight";
				LD_RUNPATH_SEARCH_PATHS = (
					"$(inherited)",
					"@executable_path/Frameworks",
				);
				MARKETING_VERSION = 1.0;
				PRODUCT_BUNDLE_IDENTIFIER = ata.studio.vn.DependencyInjection;
				PRODUCT_NAME = "$(TARGET_NAME)";
				SWIFT_EMIT_LOC_STRINGS = YES;
				SWIFT_VERSION = 5.0;
				TARGETED_DEVICE_FAMILY = "1,2";
			};
			name = Release;
		};
		5882954B2901D413003F1F90 /* Debug */ = {
			isa = XCBuildConfiguration;
			buildSettings = {
				ALWAYS_EMBED_SWIFT_STANDARD_LIBRARIES = YES;
				BUNDLE_LOADER = "$(TEST_HOST)";
				CLANG_ENABLE_MODULES = YES;
				CODE_SIGN_STYLE = Automatic;
				CURRENT_PROJECT_VERSION = 1;
				DEVELOPMENT_TEAM = 9JSRL669P2;
				GENERATE_INFOPLIST_FILE = YES;
				IPHONEOS_DEPLOYMENT_TARGET = 15.0;
				LD_RUNPATH_SEARCH_PATHS = (
					"$(inherited)",
					"@executable_path/Frameworks",
					"@loader_path/Frameworks",
				);
				MARKETING_VERSION = 1.0;
				PRODUCT_BUNDLE_IDENTIFIER = ata.studio.vn.DependencyInjectionTests;
				PRODUCT_NAME = "$(TARGET_NAME)";
				SWIFT_EMIT_LOC_STRINGS = NO;
				SWIFT_OPTIMIZATION_LEVEL = "-Onone";
				SWIFT_VERSION = 5.0;
				TARGETED_DEVICE_FAMILY = "1,2";
				TEST_HOST = "$(BUILT_PRODUCTS_DIR)/DependencyInjection.app/DependencyInjection";
			};
			name = Debug;
		};
		5882954C2901D413003F1F90 /* Release */ = {
			isa = XCBuildConfiguration;
			buildSettings = {
				ALWAYS_EMBED_SWIFT_STANDARD_LIBRARIES = YES;
				BUNDLE_LOADER = "$(TEST_HOST)";
				CLANG_ENABLE_MODULES = YES;
				CODE_SIGN_STYLE = Automatic;
				CURRENT_PROJECT_VERSION = 1;
				DEVELOPMENT_TEAM = 9JSRL669P2;
				GENERATE_INFOPLIST_FILE = YES;
				IPHONEOS_DEPLOYMENT_TARGET = 15.0;
				LD_RUNPATH_SEARCH_PATHS = (
					"$(inherited)",
					"@executable_path/Frameworks",
					"@loader_path/Frameworks",
				);
				MARKETING_VERSION = 1.0;
				PRODUCT_BUNDLE_IDENTIFIER = ata.studio.vn.DependencyInjectionTests;
				PRODUCT_NAME = "$(TARGET_NAME)";
				SWIFT_EMIT_LOC_STRINGS = NO;
				SWIFT_VERSION = 5.0;
				TARGETED_DEVICE_FAMILY = "1,2";
				TEST_HOST = "$(BUILT_PRODUCTS_DIR)/DependencyInjection.app/DependencyInjection";
			};
			name = Release;
		};
/* End XCBuildConfiguration section */

/* Begin XCConfigurationList section */
		5882951E2901D411003F1F90 /* Build configuration list for PBXProject "DependencyInjection" */ = {
			isa = XCConfigurationList;
			buildConfigurations = (
				588295452901D413003F1F90 /* Debug */,
				588295462901D413003F1F90 /* Release */,
			);
			defaultConfigurationIsVisible = 0;
			defaultConfigurationName = Release;
		};
		588295472901D413003F1F90 /* Build configuration list for PBXNativeTarget "DependencyInjection" */ = {
			isa = XCConfigurationList;
			buildConfigurations = (
				588295482901D413003F1F90 /* Debug */,
				588295492901D413003F1F90 /* Release */,
			);
			defaultConfigurationIsVisible = 0;
			defaultConfigurationName = Release;
		};
		5882954A2901D413003F1F90 /* Build configuration list for PBXNativeTarget "DependencyInjectionTests" */ = {
			isa = XCConfigurationList;
			buildConfigurations = (
				5882954B2901D413003F1F90 /* Debug */,
				5882954C2901D413003F1F90 /* Release */,
			);
			defaultConfigurationIsVisible = 0;
			defaultConfigurationName = Release;
		};
/* End XCConfigurationList section */
	};
	rootObject = 5882951B2901D411003F1F90 /* Project object */;
}
